
Microsoft Visual Studio Solution File, Format Version 12.00
# Visual Studio 15
VisualStudioVersion = 15.0.26430.16
MinimumVisualStudioVersion = 10.0.40219.1
Project("{2150E333-8FDC-42A3-9474-1A3956D46DE8}") = "Solution Items", "Solution Items", "{886B7125-DAD8-4930-AEC1-4C4B5ADD1DC0}"
	ProjectSection(SolutionItems) = preProject
		appveyor.yml = appveyor.yml
		readme.md = readme.md
	EndProjectSection
EndProject
Project("{2150E333-8FDC-42A3-9474-1A3956D46DE8}") = "src", "src", "{33922239-A963-4779-B1BD-D5825ABB35CC}"
EndProject
Project("{9A19103F-16F7-4668-BE54-9A1E7A4F7556}") = "OpenRCT2.Core", "src\OpenRCT2.Core\OpenRCT2.Core.csproj", "{E55B265F-393D-4A2D-94B7-58E38316745E}"
EndProject
Project("{9A19103F-16F7-4668-BE54-9A1E7A4F7556}") = "OpenRCT2.Network", "src\OpenRCT2.Network\OpenRCT2.Network.csproj", "{FDBFECF1-757C-497D-AD24-00046F071D45}"
EndProject
Global
	GlobalSection(SolutionConfigurationPlatforms) = preSolution
		Debug|Any CPU = Debug|Any CPU
		Release|Any CPU = Release|Any CPU
	EndGlobalSection
	GlobalSection(ProjectConfigurationPlatforms) = postSolution
		{E55B265F-393D-4A2D-94B7-58E38316745E}.Debug|Any CPU.ActiveCfg = Debug|Any CPU
		{E55B265F-393D-4A2D-94B7-58E38316745E}.Debug|Any CPU.Build.0 = Debug|Any CPU
		{E55B265F-393D-4A2D-94B7-58E38316745E}.Release|Any CPU.ActiveCfg = Release|Any CPU
		{E55B265F-393D-4A2D-94B7-58E38316745E}.Release|Any CPU.Build.0 = Release|Any CPU
		{FDBFECF1-757C-497D-AD24-00046F071D45}.Debug|Any CPU.ActiveCfg = Debug|Any CPU
		{FDBFECF1-757C-497D-AD24-00046F071D45}.Debug|Any CPU.Build.0 = Debug|Any CPU
		{FDBFECF1-757C-497D-AD24-00046F071D45}.Release|Any CPU.ActiveCfg = Release|Any CPU
		{FDBFECF1-757C-497D-AD24-00046F071D45}.Release|Any CPU.Build.0 = Release|Any CPU
	EndGlobalSection
	GlobalSection(SolutionProperties) = preSolution
		HideSolutionNode = FALSE
	EndGlobalSection
	GlobalSection(NestedProjects) = preSolution
		{E55B265F-393D-4A2D-94B7-58E38316745E} = {33922239-A963-4779-B1BD-D5825ABB35CC}
		{FDBFECF1-757C-497D-AD24-00046F071D45} = {33922239-A963-4779-B1BD-D5825ABB35CC}
	EndGlobalSection
EndGlobal
